// !$*UTF8*$!
{
	archiveVersion = 1;
	classes = {
	};
	objectVersion = 46;
	objects = {

/* Begin PBXBuildFile section */
		823C2AFD1AC0C6F000C6BE63 /* AppDelegate.swift in Sources */ = {isa = PBXBuildFile; fileRef = 823C2AFC1AC0C6F000C6BE63 /* AppDelegate.swift */; };
		823C2AFF1AC0C6F000C6BE63 /* ViewController.swift in Sources */ = {isa = PBXBuildFile; fileRef = 823C2AFE1AC0C6F000C6BE63 /* ViewController.swift */; };
		823C2B021AC0C6F000C6BE63 /* Main.storyboard in Resources */ = {isa = PBXBuildFile; fileRef = 823C2B001AC0C6F000C6BE63 /* Main.storyboard */; };
		823C2B041AC0C6F000C6BE63 /* Images.xcassets in Resources */ = {isa = PBXBuildFile; fileRef = 823C2B031AC0C6F000C6BE63 /* Images.xcassets */; };
		823C2B071AC0C6F000C6BE63 /* LaunchScreen.xib in Resources */ = {isa = PBXBuildFile; fileRef = 823C2B051AC0C6F000C6BE63 /* LaunchScreen.xib */; };
		823C2B131AC0C6F000C6BE63 /* TaskItTests.swift in Sources */ = {isa = PBXBuildFile; fileRef = 823C2B121AC0C6F000C6BE63 /* TaskItTests.swift */; };
		823C2B1D1AC1C8B200C6BE63 /* TaskCell.swift in Sources */ = {isa = PBXBuildFile; fileRef = 823C2B1C1AC1C8B200C6BE63 /* TaskCell.swift */; };
		823C2B1F1AC1ECE400C6BE63 /* TaskModel.swift in Sources */ = {isa = PBXBuildFile; fileRef = 823C2B1E1AC1ECE400C6BE63 /* TaskModel.swift */; };
		823C2B211AC1F10400C6BE63 /* TaskDetailViewController.swift in Sources */ = {isa = PBXBuildFile; fileRef = 823C2B201AC1F10400C6BE63 /* TaskDetailViewController.swift */; };
		823C2B231AC206F400C6BE63 /* Date.swift in Sources */ = {isa = PBXBuildFile; fileRef = 823C2B221AC206F400C6BE63 /* Date.swift */; };
		823C2B251AC20C4F00C6BE63 /* AddTaskViewController.swift in Sources */ = {isa = PBXBuildFile; fileRef = 823C2B241AC20C4F00C6BE63 /* AddTaskViewController.swift */; };
		823C2B271AC316AA00C6BE63 /* CoreData.framework in Frameworks */ = {isa = PBXBuildFile; fileRef = 823C2B261AC316AA00C6BE63 /* CoreData.framework */; };
/* End PBXBuildFile section */

/* Begin PBXContainerItemProxy section */
		823C2B0D1AC0C6F000C6BE63 /* PBXContainerItemProxy */ = {
			isa = PBXContainerItemProxy;
			containerPortal = 823C2AEF1AC0C6F000C6BE63 /* Project object */;
			proxyType = 1;
			remoteGlobalIDString = 823C2AF61AC0C6F000C6BE63;
			remoteInfo = TaskIt;
		};
/* End PBXContainerItemProxy section */

/* Begin PBXFileReference section */
		823C2AF71AC0C6F000C6BE63 /* TaskIt.app */ = {isa = PBXFileReference; explicitFileType = wrapper.application; includeInIndex = 0; path = TaskIt.app; sourceTree = BUILT_PRODUCTS_DIR; };
		823C2AFB1AC0C6F000C6BE63 /* Info.plist */ = {isa = PBXFileReference; lastKnownFileType = text.plist.xml; path = Info.plist; sourceTree = "<group>"; };
		823C2AFC1AC0C6F000C6BE63 /* AppDelegate.swift */ = {isa = PBXFileReference; lastKnownFileType = sourcecode.swift; path = AppDelegate.swift; sourceTree = "<group>"; };
		823C2AFE1AC0C6F000C6BE63 /* ViewController.swift */ = {isa = PBXFileReference; lastKnownFileType = sourcecode.swift; path = ViewController.swift; sourceTree = "<group>"; };
		823C2B011AC0C6F000C6BE63 /* Base */ = {isa = PBXFileReference; lastKnownFileType = file.storyboard; name = Base; path = Base.lproj/Main.storyboard; sourceTree = "<group>"; };
		823C2B031AC0C6F000C6BE63 /* Images.xcassets */ = {isa = PBXFileReference; lastKnownFileType = folder.assetcatalog; path = Images.xcassets; sourceTree = "<group>"; };
		823C2B061AC0C6F000C6BE63 /* Base */ = {isa = PBXFileReference; lastKnownFileType = file.xib; name = Base; path = Base.lproj/LaunchScreen.xib; sourceTree = "<group>"; };
		823C2B0C1AC0C6F000C6BE63 /* TaskItTests.xctest */ = {isa = PBXFileReference; explicitFileType = wrapper.cfbundle; includeInIndex = 0; path = TaskItTests.xctest; sourceTree = BUILT_PRODUCTS_DIR; };
		823C2B111AC0C6F000C6BE63 /* Info.plist */ = {isa = PBXFileReference; lastKnownFileType = text.plist.xml; path = Info.plist; sourceTree = "<group>"; };
		823C2B121AC0C6F000C6BE63 /* TaskItTests.swift */ = {isa = PBXFileReference; lastKnownFileType = sourcecode.swift; path = TaskItTests.swift; sourceTree = "<group>"; };
		823C2B1C1AC1C8B200C6BE63 /* TaskCell.swift */ = {isa = PBXFileReference; fileEncoding = 4; lastKnownFileType = sourcecode.swift; path = TaskCell.swift; sourceTree = "<group>"; };
		823C2B1E1AC1ECE400C6BE63 /* TaskModel.swift */ = {isa = PBXFileReference; fileEncoding = 4; lastKnownFileType = sourcecode.swift; path = TaskModel.swift; sourceTree = "<group>"; };
		823C2B201AC1F10400C6BE63 /* TaskDetailViewController.swift */ = {isa = PBXFileReference; fileEncoding = 4; lastKnownFileType = sourcecode.swift; path = TaskDetailViewController.swift; sourceTree = "<group>"; };
		823C2B221AC206F400C6BE63 /* Date.swift */ = {isa = PBXFileReference; fileEncoding = 4; lastKnownFileType = sourcecode.swift; path = Date.swift; sourceTree = "<group>"; };
		823C2B241AC20C4F00C6BE63 /* AddTaskViewController.swift */ = {isa = PBXFileReference; fileEncoding = 4; lastKnownFileType = sourcecode.swift; path = AddTaskViewController.swift; sourceTree = "<group>"; };
		823C2B261AC316AA00C6BE63 /* CoreData.framework */ = {isa = PBXFileReference; lastKnownFileType = wrapper.framework; name = CoreData.framework; path = System/Library/Frameworks/CoreData.framework; sourceTree = SDKROOT; };
/* End PBXFileReference section */

/* Begin PBXFrameworksBuildPhase section */
		823C2AF41AC0C6F000C6BE63 /* Frameworks */ = {
			isa = PBXFrameworksBuildPhase;
			buildActionMask = 2147483647;
			files = (
				823C2B271AC316AA00C6BE63 /* CoreData.framework in Frameworks */,
			);
			runOnlyForDeploymentPostprocessing = 0;
		};
		823C2B091AC0C6F000C6BE63 /* Frameworks */ = {
			isa = PBXFrameworksBuildPhase;
			buildActionMask = 2147483647;
			files = (
			);
			runOnlyForDeploymentPostprocessing = 0;
		};
/* End PBXFrameworksBuildPhase section */

/* Begin PBXGroup section */
		823C2AEE1AC0C6F000C6BE63 = {
			isa = PBXGroup;
			children = (
				823C2AF91AC0C6F000C6BE63 /* TaskIt */,
				823C2B0F1AC0C6F000C6BE63 /* TaskItTests */,
				823C2AF81AC0C6F000C6BE63 /* Products */,
			);
			sourceTree = "<group>";
		};
		823C2AF81AC0C6F000C6BE63 /* Products */ = {
			isa = PBXGroup;
			children = (
				823C2AF71AC0C6F000C6BE63 /* TaskIt.app */,
				823C2B0C1AC0C6F000C6BE63 /* TaskItTests.xctest */,
			);
			name = Products;
			sourceTree = "<group>";
		};
		823C2AF91AC0C6F000C6BE63 /* TaskIt */ = {
			isa = PBXGroup;
			children = (
				823C2AFC1AC0C6F000C6BE63 /* AppDelegate.swift */,
				823C2AFE1AC0C6F000C6BE63 /* ViewController.swift */,
				823C2B221AC206F400C6BE63 /* Date.swift */,
				823C2B201AC1F10400C6BE63 /* TaskDetailViewController.swift */,
				823C2B241AC20C4F00C6BE63 /* AddTaskViewController.swift */,
				823C2B1E1AC1ECE400C6BE63 /* TaskModel.swift */,
				823C2B1C1AC1C8B200C6BE63 /* TaskCell.swift */,
				823C2B001AC0C6F000C6BE63 /* Main.storyboard */,
				823C2B031AC0C6F000C6BE63 /* Images.xcassets */,
				823C2B051AC0C6F000C6BE63 /* LaunchScreen.xib */,
				823C2AFA1AC0C6F000C6BE63 /* Supporting Files */,
			);
			path = TaskIt;
			sourceTree = "<group>";
		};
		823C2AFA1AC0C6F000C6BE63 /* Supporting Files */ = {
			isa = PBXGroup;
			children = (
				823C2B261AC316AA00C6BE63 /* CoreData.framework */,
				823C2AFB1AC0C6F000C6BE63 /* Info.plist */,
			);
			name = "Supporting Files";
			sourceTree = "<group>";
		};
		823C2B0F1AC0C6F000C6BE63 /* TaskItTests */ = {
			isa = PBXGroup;
			children = (
				823C2B121AC0C6F000C6BE63 /* TaskItTests.swift */,
				823C2B101AC0C6F000C6BE63 /* Supporting Files */,
			);
			path = TaskItTests;
			sourceTree = "<group>";
		};
		823C2B101AC0C6F000C6BE63 /* Supporting Files */ = {
			isa = PBXGroup;
			children = (
				823C2B111AC0C6F000C6BE63 /* Info.plist */,
			);
			name = "Supporting Files";
			sourceTree = "<group>";
		};
/* End PBXGroup section */

/* Begin PBXNativeTarget section */
		823C2AF61AC0C6F000C6BE63 /* TaskIt */ = {
			isa = PBXNativeTarget;
			buildConfigurationList = 823C2B161AC0C6F000C6BE63 /* Build configuration list for PBXNativeTarget "TaskIt" */;
			buildPhases = (
				823C2AF31AC0C6F000C6BE63 /* Sources */,
				823C2AF41AC0C6F000C6BE63 /* Frameworks */,
				823C2AF51AC0C6F000C6BE63 /* Resources */,
			);
			buildRules = (
			);
			dependencies = (
			);
			name = TaskIt;
			productName = TaskIt;
			productReference = 823C2AF71AC0C6F000C6BE63 /* TaskIt.app */;
			productType = "com.apple.product-type.application";
		};
		823C2B0B1AC0C6F000C6BE63 /* TaskItTests */ = {
			isa = PBXNativeTarget;
			buildConfigurationList = 823C2B191AC0C6F000C6BE63 /* Build configuration list for PBXNativeTarget "TaskItTests" */;
			buildPhases = (
				823C2B081AC0C6F000C6BE63 /* Sources */,
				823C2B091AC0C6F000C6BE63 /* Frameworks */,
				823C2B0A1AC0C6F000C6BE63 /* Resources */,
			);
			buildRules = (
			);
			dependencies = (
				823C2B0E1AC0C6F000C6BE63 /* PBXTargetDependency */,
			);
			name = TaskItTests;
			productName = TaskItTests;
			productReference = 823C2B0C1AC0C6F000C6BE63 /* TaskItTests.xctest */;
			productType = "com.apple.product-type.bundle.unit-test";
		};
/* End PBXNativeTarget section */

/* Begin PBXProject section */
		823C2AEF1AC0C6F000C6BE63 /* Project object */ = {
			isa = PBXProject;
			attributes = {
				LastUpgradeCheck = 0610;
				ORGANIZATIONNAME = codeHatcher;
				TargetAttributes = {
					823C2AF61AC0C6F000C6BE63 = {
						CreatedOnToolsVersion = 6.1.1;
					};
					823C2B0B1AC0C6F000C6BE63 = {
						CreatedOnToolsVersion = 6.1.1;
						TestTargetID = 823C2AF61AC0C6F000C6BE63;
					};
				};
			};
			buildConfigurationList = 823C2AF21AC0C6F000C6BE63 /* Build configuration list for PBXProject "TaskIt" */;
			compatibilityVersion = "Xcode 3.2";
			developmentRegion = English;
			hasScannedForEncodings = 0;
			knownRegions = (
				en,
				Base,
			);
			mainGroup = 823C2AEE1AC0C6F000C6BE63;
			productRefGroup = 823C2AF81AC0C6F000C6BE63 /* Products */;
			projectDirPath = "";
			projectRoot = "";
			targets = (
				823C2AF61AC0C6F000C6BE63 /* TaskIt */,
				823C2B0B1AC0C6F000C6BE63 /* TaskItTests */,
			);
		};
/* End PBXProject section */

/* Begin PBXResourcesBuildPhase section */
		823C2AF51AC0C6F000C6BE63 /* Resources */ = {
			isa = PBXResourcesBuildPhase;
			buildActionMask = 2147483647;
			files = (
				823C2B021AC0C6F000C6BE63 /* Main.storyboard in Resources */,
				823C2B071AC0C6F000C6BE63 /* LaunchScreen.xib in Resources */,
				823C2B041AC0C6F000C6BE63 /* Images.xcassets in Resources */,
			);
			runOnlyForDeploymentPostprocessing = 0;
		};
		823C2B0A1AC0C6F000C6BE63 /* Resources */ = {
			isa = PBXResourcesBuildPhase;
			buildActionMask = 2147483647;
			files = (
			);
			runOnlyForDeploymentPostprocessing = 0;
		};
/* End PBXResourcesBuildPhase section */

/* Begin PBXSourcesBuildPhase section */
		823C2AF31AC0C6F000C6BE63 /* Sources */ = {
			isa = PBXSourcesBuildPhase;
			buildActionMask = 2147483647;
			files = (
				823C2AFF1AC0C6F000C6BE63 /* ViewController.swift in Sources */,
				823C2B231AC206F400C6BE63 /* Date.swift in Sources */,
				823C2B1D1AC1C8B200C6BE63 /* TaskCell.swift in Sources */,
				823C2B1F1AC1ECE400C6BE63 /* TaskModel.swift in Sources */,
				823C2AFD1AC0C6F000C6BE63 /* AppDelegate.swift in Sources */,
				823C2B211AC1F10400C6BE63 /* TaskDetailViewController.swift in Sources */,
				823C2B251AC20C4F00C6BE63 /* AddTaskViewController.swift in Sources */,
			);
			runOnlyForDeploymentPostprocessing = 0;
		};
		823C2B081AC0C6F000C6BE63 /* Sources */ = {
			isa = PBXSourcesBuildPhase;
			buildActionMask = 2147483647;
			files = (
				823C2B131AC0C6F000C6BE63 /* TaskItTests.swift in Sources */,
			);
			runOnlyForDeploymentPostprocessing = 0;
		};
/* End PBXSourcesBuildPhase section */

/* Begin PBXTargetDependency section */
		823C2B0E1AC0C6F000C6BE63 /* PBXTargetDependency */ = {
			isa = PBXTargetDependency;
			target = 823C2AF61AC0C6F000C6BE63 /* TaskIt */;
			targetProxy = 823C2B0D1AC0C6F000C6BE63 /* PBXContainerItemProxy */;
		};
/* End PBXTargetDependency section */

/* Begin PBXVariantGroup section */
		823C2B001AC0C6F000C6BE63 /* Main.storyboard */ = {
			isa = PBXVariantGroup;
			children = (
				823C2B011AC0C6F000C6BE63 /* Base */,
			);
			name = Main.storyboard;
			sourceTree = "<group>";
		};
		823C2B051AC0C6F000C6BE63 /* LaunchScreen.xib */ = {
			isa = PBXVariantGroup;
			children = (
				823C2B061AC0C6F000C6BE63 /* Base */,
			);
			name = LaunchScreen.xib;
			sourceTree = "<group>";
		};
/* End PBXVariantGroup section */

/* Begin XCBuildConfiguration section */
		823C2B141AC0C6F000C6BE63 /* Debug */ = {
			isa = XCBuildConfiguration;
			buildSettings = {
				ALWAYS_SEARCH_USER_PATHS = NO;
				CLANG_CXX_LANGUAGE_STANDARD = "gnu++0x";
				CLANG_CXX_LIBRARY = "libc++";
				CLANG_ENABLE_MODULES = YES;
				CLANG_ENABLE_OBJC_ARC = YES;
				CLANG_WARN_BOOL_CONVERSION = YES;
				CLANG_WARN_CONSTANT_CONVERSION = YES;
				CLANG_WARN_DIRECT_OBJC_ISA_USAGE = YES_ERROR;
				CLANG_WARN_EMPTY_BODY = YES;
				CLANG_WARN_ENUM_CONVERSION = YES;
				CLANG_WARN_INT_CONVERSION = YES;
				CLANG_WARN_OBJC_ROOT_CLASS = YES_ERROR;
				CLANG_WARN_UNREACHABLE_CODE = YES;
				CLANG_WARN__DUPLICATE_METHOD_MATCH = YES;
				"CODE_SIGN_IDENTITY[sdk=iphoneos*]" = "iPhone Developer";
				COPY_PHASE_STRIP = NO;
				ENABLE_STRICT_OBJC_MSGSEND = YES;
				GCC_C_LANGUAGE_STANDARD = gnu99;
				GCC_DYNAMIC_NO_PIC = NO;
				GCC_OPTIMIZATION_LEVEL = 0;
				GCC_PREPROCESSOR_DEFINITIONS = (
					"DEBUG=1",
					"$(inherited)",
				);
				GCC_SYMBOLS_PRIVATE_EXTERN = NO;
				GCC_WARN_64_TO_32_BIT_CONVERSION = YES;
				GCC_WARN_ABOUT_RETURN_TYPE = YES_ERROR;
				GCC_WARN_UNDECLARED_SELECTOR = YES;
				GCC_WARN_UNINITIALIZED_AUTOS = YES_AGGRESSIVE;
				GCC_WARN_UNUSED_FUNCTION = YES;
				GCC_WARN_UNUSED_VARIABLE = YES;
				IPHONEOS_DEPLOYMENT_TARGET = 8.1;
				MTL_ENABLE_DEBUG_INFO = YES;
				ONLY_ACTIVE_ARCH = YES;
				SDKROOT = iphoneos;
				SWIFT_OPTIMIZATION_LEVEL = "-Onone";
				TARGETED_DEVICE_FAMILY = "1,2";
			};
			name = Debug;
		};
		823C2B151AC0C6F000C6BE63 /* Release */ = {
			isa = XCBuildConfiguration;
			buildSettings = {
				ALWAYS_SEARCH_USER_PATHS = NO;
				CLANG_CXX_LANGUAGE_STANDARD = "gnu++0x";
				CLANG_CXX_LIBRARY = "libc++";
				CLANG_ENABLE_MODULES = YES;
				CLANG_ENABLE_OBJC_ARC = YES;
				CLANG_WARN_BOOL_CONVERSION = YES;
				CLANG_WARN_CONSTANT_CONVERSION = YES;
				CLANG_WARN_DIRECT_OBJC_ISA_USAGE = YES_ERROR;
				CLANG_WARN_EMPTY_BODY = YES;
				CLANG_WARN_ENUM_CONVERSION = YES;
				CLANG_WARN_INT_CONVERSION = YES;
				CLANG_WARN_OBJC_ROOT_CLASS = YES_ERROR;
				CLANG_WARN_UNREACHABLE_CODE = YES;
				CLANG_WARN__DUPLICATE_METHOD_MATCH = YES;
				"CODE_SIGN_IDENTITY[sdk=iphoneos*]" = "iPhone Developer";
				COPY_PHASE_STRIP = YES;
				ENABLE_NS_ASSERTIONS = NO;
				ENABLE_STRICT_OBJC_MSGSEND = YES;
				GCC_C_LANGUAGE_STANDARD = gnu99;
				GCC_WARN_64_TO_32_BIT_CONVERSION = YES;
				GCC_WARN_ABOUT_RETURN_TYPE = YES_ERROR;
				GCC_WARN_UNDECLARED_SELECTOR = YES;
				GCC_WARN_UNINITIALIZED_AUTOS = YES_AGGRESSIVE;
				GCC_WARN_UNUSED_FUNCTION = YES;
				GCC_WARN_UNUSED_VARIABLE = YES;
				IPHONEOS_DEPLOYMENT_TARGET = 8.1;
				MTL_ENABLE_DEBUG_INFO = NO;
				SDKROOT = iphoneos;
				TARGETED_DEVICE_FAMILY = "1,2";
				VALIDATE_PRODUCT = YES;
			};
			name = Release;
		};
		823C2B171AC0C6F000C6BE63 /* Debug */ = {
			isa = XCBuildConfiguration;
			buildSettings = {
				ASSETCATALOG_COMPILER_APPICON_NAME = AppIcon;
				INFOPLIST_FILE = TaskIt/Info.plist;
				LD_RUNPATH_SEARCH_PATHS = "$(inherited) @executable_path/Frameworks";
				PRODUCT_NAME = "$(TARGET_NAME)";
			};
			name = Debug;
		};
		823C2B181AC0C6F000C6BE63 /* Release */ = {
			isa = XCBuildConfiguration;
			buildSettings = {
				ASSETCATALOG_COMPILER_APPICON_NAME = AppIcon;
				INFOPLIST_FILE = TaskIt/Info.plist;
				LD_RUNPATH_SEARCH_PATHS = "$(inherited) @executable_path/Frameworks";
				PRODUCT_NAME = "$(TARGET_NAME)";
			};
			name = Release;
		};
		823C2B1A1AC0C6F000C6BE63 /* Debug */ = {
			isa = XCBuildConfiguration;
			buildSettings = {
				BUNDLE_LOADER = "$(TEST_HOST)";
				FRAMEWORK_SEARCH_PATHS = (
					"$(SDKROOT)/Developer/Library/Frameworks",
					"$(inherited)",
				);
				GCC_PREPROCESSOR_DEFINITIONS = (
					"DEBUG=1",
					"$(inherited)",
				);
				INFOPLIST_FILE = TaskItTests/Info.plist;
				LD_RUNPATH_SEARCH_PATHS = "$(inherited) @executable_path/Frameworks @loader_path/Frameworks";
				PRODUCT_NAME = "$(TARGET_NAME)";
				TEST_HOST = "$(BUILT_PRODUCTS_DIR)/TaskIt.app/TaskIt";
			};
			name = Debug;
		};
		823C2B1B1AC0C6F000C6BE63 /* Release */ = {
			isa = XCBuildConfiguration;
			buildSettings = {
				BUNDLE_LOADER = "$(TEST_HOST)";
				FRAMEWORK_SEARCH_PATHS = (
					"$(SDKROOT)/Developer/Library/Frameworks",
					"$(inherited)",
				);
				INFOPLIST_FILE = TaskItTests/Info.plist;
				LD_RUNPATH_SEARCH_PATHS = "$(inherited) @executable_path/Frameworks @loader_path/Frameworks";
				PRODUCT_NAME = "$(TARGET_NAME)";
				TEST_HOST = "$(BUILT_PRODUCTS_DIR)/TaskIt.app/TaskIt";
			};
			name = Release;
		};
/* End XCBuildConfiguration section */

/* Begin XCConfigurationList section */
		823C2AF21AC0C6F000C6BE63 /* Build configuration list for PBXProject "TaskIt" */ = {
			isa = XCConfigurationList;
			buildConfigurations = (
				823C2B141AC0C6F000C6BE63 /* Debug */,
				823C2B151AC0C6F000C6BE63 /* Release */,
			);
			defaultConfigurationIsVisible = 0;
			defaultConfigurationName = Release;
		};
		823C2B161AC0C6F000C6BE63 /* Build configuration list for PBXNativeTarget "TaskIt" */ = {
			isa = XCConfigurationList;
			buildConfigurations = (
				823C2B171AC0C6F000C6BE63 /* Debug */,
				823C2B181AC0C6F000C6BE63 /* Release */,
			);
			defaultConfigurationIsVisible = 0;
		};
		823C2B191AC0C6F000C6BE63 /* Build configuration list for PBXNativeTarget "TaskItTests" */ = {
			isa = XCConfigurationList;
			buildConfigurations = (
				823C2B1A1AC0C6F000C6BE63 /* Debug */,
				823C2B1B1AC0C6F000C6BE63 /* Release */,
			);
			defaultConfigurationIsVisible = 0;
		};
/* End XCConfigurationList section */
	};
	rootObject = 823C2AEF1AC0C6F000C6BE63 /* Project object */;
}
